
Microsoft Visual Studio Solution File, Format Version 12.00
# Visual Studio Version 17
VisualStudioVersion = 17.6.33815.320
MinimumVisualStudioVersion = 10.0.40219.1
Project("{FAE04EC0-301F-11D3-BF4B-00C04F79EFBC}") = "SnakeGame", "SnakeGame\SnakeGame.csproj", "{DE07819E-D9D0-41E5-A237-83C12A8E78B6}"
EndProject
Global
	GlobalSection(SolutionConfigurationPlatforms) = preSolution
		Debug|Any CPU = Debug|Any CPU
		Release|Any CPU = Release|Any CPU
	EndGlobalSection
	GlobalSection(ProjectConfigurationPlatforms) = postSolution
		{DE07819E-D9D0-41E5-A237-83C12A8E78B6}.Debug|Any CPU.ActiveCfg = Debug|Any CPU
		{DE07819E-D9D0-41E5-A237-83C12A8E78B6}.Debug|Any CPU.Build.0 = Debug|Any CPU
		{DE07819E-D9D0-41E5-A237-83C12A8E78B6}.Release|Any CPU.ActiveCfg = Release|Any CPU
		{DE07819E-D9D0-41E5-A237-83C12A8E78B6}.Release|Any CPU.Build.0 = Release|Any CPU
	EndGlobalSection
	GlobalSection(SolutionProperties) = preSolution
		HideSolutionNode = FALSE
	EndGlobalSection
	GlobalSection(ExtensibilityGlobals) = postSolution
		SolutionGuid = {200B0885-E62F-4D75-8761-B36DC44E66B3}
	EndGlobalSection
EndGlobal
